
Microsoft Visual Studio Solution File, Format Version 12.00
# Visual Studio Version 17
VisualStudioVersion = 17.5.002.0
MinimumVisualStudioVersion = 10.0.40219.1
Project("{2150E333-8FDC-42A3-9474-1A3956D46DE8}") = "sandbox", "sandbox", "{5CAE2477-99B3-47F8-990B-639EFFDA054E}"
EndProject
Project("{9A19103F-16F7-4668-BE54-9A1E7A4F7556}") = "sandbox_project", "sandbox\sandbox_project\sandbox_project.csproj", "{A6C481FD-F4E2-46CE-9A89-EC3D83D3DAFA}"
EndProject
Project("{2150E333-8FDC-42A3-9474-1A3956D46DE8}") = "week01", "week01", "{6C1CE8BD-7EDE-47AA-9CB3-6537BE6A1E9B}"
EndProject
Project("{9A19103F-16F7-4668-BE54-9A1E7A4F7556}") = "analyze", "week01\analyze\analyze.csproj", "{5784EDD0-6035-419E-AA2E-ADAD4C226041}"
EndProject
Project("{9A19103F-16F7-4668-BE54-9A1E7A4F7556}") = "code", "week01\code\code.csproj", "{0CD6F66F-0E30-4ABA-8091-89E90AA15CE4}"
EndProject
Project("{9A19103F-16F7-4668-BE54-9A1E7A4F7556}") = "teach", "week01\teach\teach.csproj", "{77B333AF-E917-47BB-92BD-4736571F4C3A}"
EndProject
Project("{2150E333-8FDC-42A3-9474-1A3956D46DE8}") = "week02", "week02", "{DF38941F-6D27-474D-833E-0284FBDA6938}"
EndProject
Project("{9A19103F-16F7-4668-BE54-9A1E7A4F7556}") = "analyze", "week02\analyze\analyze.csproj", "{B958D2C5-5A5C-4F23-B871-5E55F60AB0E7}"
EndProject
Project("{9A19103F-16F7-4668-BE54-9A1E7A4F7556}") = "code", "week02\code\code.csproj", "{4F88FFF0-603C-4E07-80DD-CB2F1DBA3DE8}"
EndProject
Project("{9A19103F-16F7-4668-BE54-9A1E7A4F7556}") = "learn", "week02\learn\learn.csproj", "{1D49F3AD-1895-4800-9990-51675E4FF974}"
EndProject
Project("{9A19103F-16F7-4668-BE54-9A1E7A4F7556}") = "teach", "week02\teach\teach.csproj", "{1011C62B-E832-4000-B047-99687E1F4E14}"
EndProject
Project("{2150E333-8FDC-42A3-9474-1A3956D46DE8}") = "week03", "week03", "{F6168BD7-424B-4549-B4A4-8BF492708AFA}"
EndProject
Project("{9A19103F-16F7-4668-BE54-9A1E7A4F7556}") = "code", "week03\code\code.csproj", "{4930FAAC-82B6-4959-8CC0-0213079379C5}"
EndProject
Project("{9A19103F-16F7-4668-BE54-9A1E7A4F7556}") = "learn", "week03\learn\learn.csproj", "{C65029C0-8BF7-4D38-A423-AE0A394848E8}"
EndProject
Project("{9A19103F-16F7-4668-BE54-9A1E7A4F7556}") = "teach", "week03\teach\teach.csproj", "{C5C8F645-E94B-4AC6-96ED-9FDF3CCD2BCA}"
EndProject
Project("{2150E333-8FDC-42A3-9474-1A3956D46DE8}") = "week04", "week04", "{B8C5C0EA-80A7-4B71-906C-BDF94816873F}"
EndProject
Project("{9A19103F-16F7-4668-BE54-9A1E7A4F7556}") = "code", "week04\code\code.csproj", "{2A00A81F-D949-4D30-BCBB-8342AA91D2B4}"
EndProject
Project("{2150E333-8FDC-42A3-9474-1A3956D46DE8}") = "week05", "week05", "{FAB63469-7E66-4DB8-B6EB-62ED5B968924}"
EndProject
Project("{9A19103F-16F7-4668-BE54-9A1E7A4F7556}") = "code", "week05\code\code.csproj", "{F1948517-BD47-4B56-A1BA-C4846355628B}"
EndProject
Project("{2150E333-8FDC-42A3-9474-1A3956D46DE8}") = "week06", "week06", "{76C21791-2EF2-4D61-89EF-EF7405FC7ACB}"
EndProject
Project("{9A19103F-16F7-4668-BE54-9A1E7A4F7556}") = "code", "week06\code\code.csproj", "{577B032D-D08D-4F10-86C1-D7DD089F8B1C}"
EndProject
Global
	GlobalSection(SolutionConfigurationPlatforms) = preSolution
		Debug|Any CPU = Debug|Any CPU
		Release|Any CPU = Release|Any CPU
	EndGlobalSection
	GlobalSection(ProjectConfigurationPlatforms) = postSolution
		{A6C481FD-F4E2-46CE-9A89-EC3D83D3DAFA}.Debug|Any CPU.ActiveCfg = Debug|Any CPU
		{A6C481FD-F4E2-46CE-9A89-EC3D83D3DAFA}.Debug|Any CPU.Build.0 = Debug|Any CPU
		{A6C481FD-F4E2-46CE-9A89-EC3D83D3DAFA}.Release|Any CPU.ActiveCfg = Release|Any CPU
		{A6C481FD-F4E2-46CE-9A89-EC3D83D3DAFA}.Release|Any CPU.Build.0 = Release|Any CPU
		{5784EDD0-6035-419E-AA2E-ADAD4C226041}.Debug|Any CPU.ActiveCfg = Debug|Any CPU
		{5784EDD0-6035-419E-AA2E-ADAD4C226041}.Debug|Any CPU.Build.0 = Debug|Any CPU
		{5784EDD0-6035-419E-AA2E-ADAD4C226041}.Release|Any CPU.ActiveCfg = Release|Any CPU
		{5784EDD0-6035-419E-AA2E-ADAD4C226041}.Release|Any CPU.Build.0 = Release|Any CPU
		{0CD6F66F-0E30-4ABA-8091-89E90AA15CE4}.Debug|Any CPU.ActiveCfg = Debug|Any CPU
		{0CD6F66F-0E30-4ABA-8091-89E90AA15CE4}.Debug|Any CPU.Build.0 = Debug|Any CPU
		{0CD6F66F-0E30-4ABA-8091-89E90AA15CE4}.Release|Any CPU.ActiveCfg = Release|Any CPU
		{0CD6F66F-0E30-4ABA-8091-89E90AA15CE4}.Release|Any CPU.Build.0 = Release|Any CPU
		{77B333AF-E917-47BB-92BD-4736571F4C3A}.Debug|Any CPU.ActiveCfg = Debug|Any CPU
		{77B333AF-E917-47BB-92BD-4736571F4C3A}.Debug|Any CPU.Build.0 = Debug|Any CPU
		{77B333AF-E917-47BB-92BD-4736571F4C3A}.Release|Any CPU.ActiveCfg = Release|Any CPU
		{77B333AF-E917-47BB-92BD-4736571F4C3A}.Release|Any CPU.Build.0 = Release|Any CPU
		{B958D2C5-5A5C-4F23-B871-5E55F60AB0E7}.Debug|Any CPU.ActiveCfg = Debug|Any CPU
		{B958D2C5-5A5C-4F23-B871-5E55F60AB0E7}.Debug|Any CPU.Build.0 = Debug|Any CPU
		{B958D2C5-5A5C-4F23-B871-5E55F60AB0E7}.Release|Any CPU.ActiveCfg = Release|Any CPU
		{B958D2C5-5A5C-4F23-B871-5E55F60AB0E7}.Release|Any CPU.Build.0 = Release|Any CPU
		{4F88FFF0-603C-4E07-80DD-CB2F1DBA3DE8}.Debug|Any CPU.ActiveCfg = Debug|Any CPU
		{4F88FFF0-603C-4E07-80DD-CB2F1DBA3DE8}.Debug|Any CPU.Build.0 = Debug|Any CPU
		{4F88FFF0-603C-4E07-80DD-CB2F1DBA3DE8}.Release|Any CPU.ActiveCfg = Release|Any CPU
		{4F88FFF0-603C-4E07-80DD-CB2F1DBA3DE8}.Release|Any CPU.Build.0 = Release|Any CPU
		{1D49F3AD-1895-4800-9990-51675E4FF974}.Debug|Any CPU.ActiveCfg = Debug|Any CPU
		{1D49F3AD-1895-4800-9990-51675E4FF974}.Debug|Any CPU.Build.0 = Debug|Any CPU
		{1D49F3AD-1895-4800-9990-51675E4FF974}.Release|Any CPU.ActiveCfg = Release|Any CPU
		{1D49F3AD-1895-4800-9990-51675E4FF974}.Release|Any CPU.Build.0 = Release|Any CPU
		{1011C62B-E832-4000-B047-99687E1F4E14}.Debug|Any CPU.ActiveCfg = Debug|Any CPU
		{1011C62B-E832-4000-B047-99687E1F4E14}.Debug|Any CPU.Build.0 = Debug|Any CPU
		{1011C62B-E832-4000-B047-99687E1F4E14}.Release|Any CPU.ActiveCfg = Release|Any CPU
		{1011C62B-E832-4000-B047-99687E1F4E14}.Release|Any CPU.Build.0 = Release|Any CPU
		{4930FAAC-82B6-4959-8CC0-0213079379C5}.Debug|Any CPU.ActiveCfg = Debug|Any CPU
		{4930FAAC-82B6-4959-8CC0-0213079379C5}.Debug|Any CPU.Build.0 = Debug|Any CPU
		{4930FAAC-82B6-4959-8CC0-0213079379C5}.Release|Any CPU.ActiveCfg = Release|Any CPU
		{4930FAAC-82B6-4959-8CC0-0213079379C5}.Release|Any CPU.Build.0 = Release|Any CPU
		{C65029C0-8BF7-4D38-A423-AE0A394848E8}.Debug|Any CPU.ActiveCfg = Debug|Any CPU
		{C65029C0-8BF7-4D38-A423-AE0A394848E8}.Debug|Any CPU.Build.0 = Debug|Any CPU
		{C65029C0-8BF7-4D38-A423-AE0A394848E8}.Release|Any CPU.ActiveCfg = Release|Any CPU
		{C65029C0-8BF7-4D38-A423-AE0A394848E8}.Release|Any CPU.Build.0 = Release|Any CPU
		{C5C8F645-E94B-4AC6-96ED-9FDF3CCD2BCA}.Debug|Any CPU.ActiveCfg = Debug|Any CPU
		{C5C8F645-E94B-4AC6-96ED-9FDF3CCD2BCA}.Debug|Any CPU.Build.0 = Debug|Any CPU
		{C5C8F645-E94B-4AC6-96ED-9FDF3CCD2BCA}.Release|Any CPU.ActiveCfg = Release|Any CPU
		{C5C8F645-E94B-4AC6-96ED-9FDF3CCD2BCA}.Release|Any CPU.Build.0 = Release|Any CPU
		{2A00A81F-D949-4D30-BCBB-8342AA91D2B4}.Debug|Any CPU.ActiveCfg = Debug|Any CPU
		{2A00A81F-D949-4D30-BCBB-8342AA91D2B4}.Debug|Any CPU.Build.0 = Debug|Any CPU
		{2A00A81F-D949-4D30-BCBB-8342AA91D2B4}.Release|Any CPU.ActiveCfg = Release|Any CPU
		{2A00A81F-D949-4D30-BCBB-8342AA91D2B4}.Release|Any CPU.Build.0 = Release|Any CPU
		{F1948517-BD47-4B56-A1BA-C4846355628B}.Debug|Any CPU.ActiveCfg = Debug|Any CPU
		{F1948517-BD47-4B56-A1BA-C4846355628B}.Debug|Any CPU.Build.0 = Debug|Any CPU
		{F1948517-BD47-4B56-A1BA-C4846355628B}.Release|Any CPU.ActiveCfg = Release|Any CPU
		{F1948517-BD47-4B56-A1BA-C4846355628B}.Release|Any CPU.Build.0 = Release|Any CPU
		{577B032D-D08D-4F10-86C1-D7DD089F8B1C}.Debug|Any CPU.ActiveCfg = Debug|Any CPU
		{577B032D-D08D-4F10-86C1-D7DD089F8B1C}.Debug|Any CPU.Build.0 = Debug|Any CPU
		{577B032D-D08D-4F10-86C1-D7DD089F8B1C}.Release|Any CPU.ActiveCfg = Release|Any CPU
		{577B032D-D08D-4F10-86C1-D7DD089F8B1C}.Release|Any CPU.Build.0 = Release|Any CPU
	EndGlobalSection
	GlobalSection(SolutionProperties) = preSolution
		HideSolutionNode = FALSE
	EndGlobalSection
	GlobalSection(NestedProjects) = preSolution
		{A6C481FD-F4E2-46CE-9A89-EC3D83D3DAFA} = {5CAE2477-99B3-47F8-990B-639EFFDA054E}
		{5784EDD0-6035-419E-AA2E-ADAD4C226041} = {6C1CE8BD-7EDE-47AA-9CB3-6537BE6A1E9B}
		{0CD6F66F-0E30-4ABA-8091-89E90AA15CE4} = {6C1CE8BD-7EDE-47AA-9CB3-6537BE6A1E9B}
		{77B333AF-E917-47BB-92BD-4736571F4C3A} = {6C1CE8BD-7EDE-47AA-9CB3-6537BE6A1E9B}
		{B958D2C5-5A5C-4F23-B871-5E55F60AB0E7} = {DF38941F-6D27-474D-833E-0284FBDA6938}
		{4F88FFF0-603C-4E07-80DD-CB2F1DBA3DE8} = {DF38941F-6D27-474D-833E-0284FBDA6938}
		{1D49F3AD-1895-4800-9990-51675E4FF974} = {DF38941F-6D27-474D-833E-0284FBDA6938}
		{1011C62B-E832-4000-B047-99687E1F4E14} = {DF38941F-6D27-474D-833E-0284FBDA6938}
		{4930FAAC-82B6-4959-8CC0-0213079379C5} = {F6168BD7-424B-4549-B4A4-8BF492708AFA}
		{C65029C0-8BF7-4D38-A423-AE0A394848E8} = {F6168BD7-424B-4549-B4A4-8BF492708AFA}
		{C5C8F645-E94B-4AC6-96ED-9FDF3CCD2BCA} = {F6168BD7-424B-4549-B4A4-8BF492708AFA}
		{2A00A81F-D949-4D30-BCBB-8342AA91D2B4} = {B8C5C0EA-80A7-4B71-906C-BDF94816873F}
		{F1948517-BD47-4B56-A1BA-C4846355628B} = {FAB63469-7E66-4DB8-B6EB-62ED5B968924}
		{577B032D-D08D-4F10-86C1-D7DD089F8B1C} = {76C21791-2EF2-4D61-89EF-EF7405FC7ACB}
	EndGlobalSection
	GlobalSection(ExtensibilityGlobals) = postSolution
		SolutionGuid = {8D40E602-9F27-458E-B2FB-F7B20FBEA4A3}
	EndGlobalSection
EndGlobal
